
Microsoft Visual Studio Solution File, Format Version 12.00
# Visual Studio Version 16
VisualStudioVersion = 16.0.29709.97
MinimumVisualStudioVersion = 10.0.40219.1
Project("{FAE04EC0-301F-11D3-BF4B-00C04F79EFBC}") = "fundapec", "fundapec\fundapec.csproj", "{B9716E09-B50F-4D99-ACC7-678E6E8FFA01}"
EndProject
Global
	GlobalSection(SolutionConfigurationPlatforms) = preSolution
		Debug|Any CPU = Debug|Any CPU
		Release|Any CPU = Release|Any CPU
	EndGlobalSection
	GlobalSection(ProjectConfigurationPlatforms) = postSolution
		{B9716E09-B50F-4D99-ACC7-678E6E8FFA01}.Debug|Any CPU.ActiveCfg = Debug|Any CPU
		{B9716E09-B50F-4D99-ACC7-678E6E8FFA01}.Debug|Any CPU.Build.0 = Debug|Any CPU
		{B9716E09-B50F-4D99-ACC7-678E6E8FFA01}.Release|Any CPU.ActiveCfg = Release|Any CPU
		{B9716E09-B50F-4D99-ACC7-678E6E8FFA01}.Release|Any CPU.Build.0 = Release|Any CPU
	EndGlobalSection
	GlobalSection(SolutionProperties) = preSolution
		HideSolutionNode = FALSE
	EndGlobalSection
	GlobalSection(ExtensibilityGlobals) = postSolution
		SolutionGuid = {2A872087-3E30-4027-8E4F-61A5CD59D272}
	EndGlobalSection
EndGlobal
